
Microsoft Visual Studio Solution File, Format Version 12.00
# Visual Studio Version 17
VisualStudioVersion = 17.14.36414.22 d17.14
MinimumVisualStudioVersion = 10.0.40219.1
Project("{FAE04EC0-301F-11D3-BF4B-00C04F79EFBC}") = "IdentityDemo.Api", "IdentityDemo.Api\IdentityDemo.Api.csproj", "{285190F7-51FE-440D-B274-B57C86B332AF}"
EndProject
Global
	GlobalSection(SolutionConfigurationPlatforms) = preSolution
		Debug|Any CPU = Debug|Any CPU
		Release|Any CPU = Release|Any CPU
	EndGlobalSection
	GlobalSection(ProjectConfigurationPlatforms) = postSolution
		{285190F7-51FE-440D-B274-B57C86B332AF}.Debug|Any CPU.ActiveCfg = Debug|Any CPU
		{285190F7-51FE-440D-B274-B57C86B332AF}.Debug|Any CPU.Build.0 = Debug|Any CPU
		{285190F7-51FE-440D-B274-B57C86B332AF}.Release|Any CPU.ActiveCfg = Release|Any CPU
		{285190F7-51FE-440D-B274-B57C86B332AF}.Release|Any CPU.Build.0 = Release|Any CPU
	EndGlobalSection
	GlobalSection(SolutionProperties) = preSolution
		HideSolutionNode = FALSE
	EndGlobalSection
	GlobalSection(ExtensibilityGlobals) = postSolution
		SolutionGuid = {67BD276E-82FB-4A86-8187-6C7169AC540C}
	EndGlobalSection
EndGlobal
